
Microsoft Visual Studio Solution File, Format Version 12.00
# Visual Studio 15
VisualStudioVersion = 15.0.27004.2009
MinimumVisualStudioVersion = 10.0.40219.1
Project("{FAE04EC0-301F-11D3-BF4B-00C04F79EFBC}") = "SampleAppCore", "SampleAppCore\SampleAppCore.csproj", "{E06F9237-0FE0-4461-A250-BC35B41E8505}"
EndProject
Project("{FAE04EC0-301F-11D3-BF4B-00C04F79EFBC}") = "SampleAppCore.Utilities", "SampleAppCore.Utilities\SampleAppCore.Utilities.csproj", "{4728EA98-A25D-47FC-891F-7A55665BA249}"
EndProject
Project("{FAE04EC0-301F-11D3-BF4B-00C04F79EFBC}") = "SampleAppCore.Infrastructure", "SampleAppCore.Infrastructure\SampleAppCore.Infrastructure.csproj", "{A3F29DDE-0C3E-475E-9640-FBEEE178F0FA}"
EndProject
Project("{FAE04EC0-301F-11D3-BF4B-00C04F79EFBC}") = "SampleAppCore.Data", "SampleAppCore.Data\SampleAppCore.Data.csproj", "{E190A56E-155A-4629-A166-A9D2F3ADE7B6}"
EndProject
Project("{FAE04EC0-301F-11D3-BF4B-00C04F79EFBC}") = "SampleAppCore.Data.EF", "SampleAppCore.Data.EF\SampleAppCore.Data.EF.csproj", "{2E765607-BB90-4E91-B5C3-F0AF4ADA1087}"
EndProject
Project("{FAE04EC0-301F-11D3-BF4B-00C04F79EFBC}") = "SampleAppCore.Service", "SampleAppCore.Service\SampleAppCore.Service.csproj", "{5F2F23A6-A2B9-4F58-9C08-7EADDB6A4584}"
EndProject
Project("{2150E333-8FDC-42A3-9474-1A3956D46DE8}") = "1 - Presentation", "1 - Presentation", "{C27FBADD-DAD6-4FDD-BD50-8E039743E384}"
EndProject
Project("{2150E333-8FDC-42A3-9474-1A3956D46DE8}") = "2 - Service", "2 - Service", "{BDAAF0F1-7917-4105-B8E4-03C8FE35DB75}"
EndProject
Project("{2150E333-8FDC-42A3-9474-1A3956D46DE8}") = "3 - Domain", "3 - Domain", "{56FC4367-0A32-4560-9657-BB681C461742}"
EndProject
Project("{2150E333-8FDC-42A3-9474-1A3956D46DE8}") = "4 - Infrastructure", "4 - Infrastructure", "{1DF3ED06-F0A7-4E46-BAAF-6BA99AECC46A}"
EndProject
Global
	GlobalSection(SolutionConfigurationPlatforms) = preSolution
		Debug|Any CPU = Debug|Any CPU
		Release|Any CPU = Release|Any CPU
	EndGlobalSection
	GlobalSection(ProjectConfigurationPlatforms) = postSolution
		{E06F9237-0FE0-4461-A250-BC35B41E8505}.Debug|Any CPU.ActiveCfg = Debug|Any CPU
		{E06F9237-0FE0-4461-A250-BC35B41E8505}.Debug|Any CPU.Build.0 = Debug|Any CPU
		{E06F9237-0FE0-4461-A250-BC35B41E8505}.Release|Any CPU.ActiveCfg = Release|Any CPU
		{E06F9237-0FE0-4461-A250-BC35B41E8505}.Release|Any CPU.Build.0 = Release|Any CPU
		{4728EA98-A25D-47FC-891F-7A55665BA249}.Debug|Any CPU.ActiveCfg = Debug|Any CPU
		{4728EA98-A25D-47FC-891F-7A55665BA249}.Debug|Any CPU.Build.0 = Debug|Any CPU
		{4728EA98-A25D-47FC-891F-7A55665BA249}.Release|Any CPU.ActiveCfg = Release|Any CPU
		{4728EA98-A25D-47FC-891F-7A55665BA249}.Release|Any CPU.Build.0 = Release|Any CPU
		{A3F29DDE-0C3E-475E-9640-FBEEE178F0FA}.Debug|Any CPU.ActiveCfg = Debug|Any CPU
		{A3F29DDE-0C3E-475E-9640-FBEEE178F0FA}.Debug|Any CPU.Build.0 = Debug|Any CPU
		{A3F29DDE-0C3E-475E-9640-FBEEE178F0FA}.Release|Any CPU.ActiveCfg = Release|Any CPU
		{A3F29DDE-0C3E-475E-9640-FBEEE178F0FA}.Release|Any CPU.Build.0 = Release|Any CPU
		{E190A56E-155A-4629-A166-A9D2F3ADE7B6}.Debug|Any CPU.ActiveCfg = Debug|Any CPU
		{E190A56E-155A-4629-A166-A9D2F3ADE7B6}.Debug|Any CPU.Build.0 = Debug|Any CPU
		{E190A56E-155A-4629-A166-A9D2F3ADE7B6}.Release|Any CPU.ActiveCfg = Release|Any CPU
		{E190A56E-155A-4629-A166-A9D2F3ADE7B6}.Release|Any CPU.Build.0 = Release|Any CPU
		{2E765607-BB90-4E91-B5C3-F0AF4ADA1087}.Debug|Any CPU.ActiveCfg = Debug|Any CPU
		{2E765607-BB90-4E91-B5C3-F0AF4ADA1087}.Debug|Any CPU.Build.0 = Debug|Any CPU
		{2E765607-BB90-4E91-B5C3-F0AF4ADA1087}.Release|Any CPU.ActiveCfg = Release|Any CPU
		{2E765607-BB90-4E91-B5C3-F0AF4ADA1087}.Release|Any CPU.Build.0 = Release|Any CPU
		{5F2F23A6-A2B9-4F58-9C08-7EADDB6A4584}.Debug|Any CPU.ActiveCfg = Debug|Any CPU
		{5F2F23A6-A2B9-4F58-9C08-7EADDB6A4584}.Debug|Any CPU.Build.0 = Debug|Any CPU
		{5F2F23A6-A2B9-4F58-9C08-7EADDB6A4584}.Release|Any CPU.ActiveCfg = Release|Any CPU
		{5F2F23A6-A2B9-4F58-9C08-7EADDB6A4584}.Release|Any CPU.Build.0 = Release|Any CPU
	EndGlobalSection
	GlobalSection(SolutionProperties) = preSolution
		HideSolutionNode = FALSE
	EndGlobalSection
	GlobalSection(NestedProjects) = preSolution
		{E06F9237-0FE0-4461-A250-BC35B41E8505} = {C27FBADD-DAD6-4FDD-BD50-8E039743E384}
		{4728EA98-A25D-47FC-891F-7A55665BA249} = {1DF3ED06-F0A7-4E46-BAAF-6BA99AECC46A}
		{A3F29DDE-0C3E-475E-9640-FBEEE178F0FA} = {1DF3ED06-F0A7-4E46-BAAF-6BA99AECC46A}
		{E190A56E-155A-4629-A166-A9D2F3ADE7B6} = {56FC4367-0A32-4560-9657-BB681C461742}
		{2E765607-BB90-4E91-B5C3-F0AF4ADA1087} = {56FC4367-0A32-4560-9657-BB681C461742}
		{5F2F23A6-A2B9-4F58-9C08-7EADDB6A4584} = {BDAAF0F1-7917-4105-B8E4-03C8FE35DB75}
	EndGlobalSection
	GlobalSection(ExtensibilityGlobals) = postSolution
		SolutionGuid = {81EC63E5-D879-4E96-9FA3-A1933296633A}
	EndGlobalSection
EndGlobal
